
Microsoft Visual Studio Solution File, Format Version 12.00
# Visual Studio Version 17
VisualStudioVersion = 17.8.34511.84
MinimumVisualStudioVersion = 10.0.40219.1
Project("{FAE04EC0-301F-11D3-BF4B-00C04F79EFBC}") = "Help Jacob SOLID", "Help Jacob SOLID\Help Jacob SOLID.csproj", "{B494C7F3-B7B8-466A-B96C-57A8125C7829}"
EndProject
Global
	GlobalSection(SolutionConfigurationPlatforms) = preSolution
		Debug|Any CPU = Debug|Any CPU
		Release|Any CPU = Release|Any CPU
	EndGlobalSection
	GlobalSection(ProjectConfigurationPlatforms) = postSolution
		{B494C7F3-B7B8-466A-B96C-57A8125C7829}.Debug|Any CPU.ActiveCfg = Debug|Any CPU
		{B494C7F3-B7B8-466A-B96C-57A8125C7829}.Debug|Any CPU.Build.0 = Debug|Any CPU
		{B494C7F3-B7B8-466A-B96C-57A8125C7829}.Release|Any CPU.ActiveCfg = Release|Any CPU
		{B494C7F3-B7B8-466A-B96C-57A8125C7829}.Release|Any CPU.Build.0 = Release|Any CPU
	EndGlobalSection
	GlobalSection(SolutionProperties) = preSolution
		HideSolutionNode = FALSE
	EndGlobalSection
	GlobalSection(ExtensibilityGlobals) = postSolution
		SolutionGuid = {CD70D6B2-BEE6-433E-B22B-4AC911B776A0}
	EndGlobalSection
EndGlobal
